// !$*UTF8*$!
{
	archiveVersion = 1;
	classes = {
	};
	objectVersion = 46;
	objects = {

/* Begin PBXBuildFile section */
		3907B2CB193CB7BB00100BD6 /* Foundation.framework in Frameworks */ = {isa = PBXBuildFile; fileRef = 3907B2CA193CB7BB00100BD6 /* Foundation.framework */; };
		3907B2CD193CB7BB00100BD6 /* CoreGraphics.framework in Frameworks */ = {isa = PBXBuildFile; fileRef = 3907B2CC193CB7BB00100BD6 /* CoreGraphics.framework */; };
		3907B2CF193CB7BB00100BD6 /* UIKit.framework in Frameworks */ = {isa = PBXBuildFile; fileRef = 3907B2CE193CB7BB00100BD6 /* UIKit.framework */; };
		3907B2D5193CB7BB00100BD6 /* InfoPlist.strings in Resources */ = {isa = PBXBuildFile; fileRef = 3907B2D3193CB7BB00100BD6 /* InfoPlist.strings */; };
		3907B2D7193CB7BB00100BD6 /* main.m in Sources */ = {isa = PBXBuildFile; fileRef = 3907B2D6193CB7BB00100BD6 /* main.m */; };
		3907B2DB193CB7BB00100BD6 /* AppDelegate.m in Sources */ = {isa = PBXBuildFile; fileRef = 3907B2DA193CB7BB00100BD6 /* AppDelegate.m */; };
		3907B2DD193CB7BB00100BD6 /* Images.xcassets in Resources */ = {isa = PBXBuildFile; fileRef = 3907B2DC193CB7BB00100BD6 /* Images.xcassets */; };
		3907B2E4193CB7BC00100BD6 /* XCTest.framework in Frameworks */ = {isa = PBXBuildFile; fileRef = 3907B2E3193CB7BC00100BD6 /* XCTest.framework */; };
		3907B2E5193CB7BC00100BD6 /* Foundation.framework in Frameworks */ = {isa = PBXBuildFile; fileRef = 3907B2CA193CB7BB00100BD6 /* Foundation.framework */; };
		3907B2E6193CB7BC00100BD6 /* UIKit.framework in Frameworks */ = {isa = PBXBuildFile; fileRef = 3907B2CE193CB7BB00100BD6 /* UIKit.framework */; };
		3907B2EE193CB7BC00100BD6 /* InfoPlist.strings in Resources */ = {isa = PBXBuildFile; fileRef = 3907B2EC193CB7BC00100BD6 /* InfoPlist.strings */; };
		3907B2F0193CB7BC00100BD6 /* ReadLaterTests.m in Sources */ = {isa = PBXBuildFile; fileRef = 3907B2EF193CB7BC00100BD6 /* ReadLaterTests.m */; };
		3907B2FB193CB7E100100BD6 /* Storyboard.storyboard in Resources */ = {isa = PBXBuildFile; fileRef = 3907B2FA193CB7E100100BD6 /* Storyboard.storyboard */; };
		3907B2FE193CB80E00100BD6 /* User.m in Sources */ = {isa = PBXBuildFile; fileRef = 3907B2FD193CB80E00100BD6 /* User.m */; };
		3907B301193CCCA100100BD6 /* Article.m in Sources */ = {isa = PBXBuildFile; fileRef = 3907B300193CCCA100100BD6 /* Article.m */; };
		390E25B219844782006B4402 /* SHCTableViewCell_inbox.h in Resources */ = {isa = PBXBuildFile; fileRef = 3995F5B91950BD6A004C6A1A /* SHCTableViewCell_inbox.h */; };
		390E25B419844887006B4402 /* SHCT_TableViewCell_inbox.xib in Resources */ = {isa = PBXBuildFile; fileRef = 390E25B319844887006B4402 /* SHCT_TableViewCell_inbox.xib */; };
		3916463B195C7C2E005389E1 /* JCRBlurView.m in Sources */ = {isa = PBXBuildFile; fileRef = 3916463A195C7C2E005389E1 /* JCRBlurView.m */; };
		39164640195C88C4005389E1 /* AFViewShaker.m in Sources */ = {isa = PBXBuildFile; fileRef = 3916463F195C88C4005389E1 /* AFViewShaker.m */; };
		391A6CE81964E999006DDFB4 /* down-arrow.png in Resources */ = {isa = PBXBuildFile; fileRef = 391A6CE71964E999006DDFB4 /* down-arrow.png */; };
		391A6CEA1964EAB4006DDFB4 /* data.plist in Resources */ = {isa = PBXBuildFile; fileRef = 391A6CE91964EAB4006DDFB4 /* data.plist */; };
		39224FAA1973D63400E61111 /* ECPercentDrivenInteractiveTransition.m in Sources */ = {isa = PBXBuildFile; fileRef = 39224F9E1973D63400E61111 /* ECPercentDrivenInteractiveTransition.m */; };
		39224FAB1973D63400E61111 /* ECSlidingAnimationController.m in Sources */ = {isa = PBXBuildFile; fileRef = 39224FA01973D63400E61111 /* ECSlidingAnimationController.m */; };
		39224FAC1973D63400E61111 /* ECSlidingInteractiveTransition.m in Sources */ = {isa = PBXBuildFile; fileRef = 39224FA31973D63400E61111 /* ECSlidingInteractiveTransition.m */; };
		39224FAD1973D63400E61111 /* ECSlidingSegue.m in Sources */ = {isa = PBXBuildFile; fileRef = 39224FA51973D63400E61111 /* ECSlidingSegue.m */; };
		39224FAE1973D63400E61111 /* ECSlidingViewController.m in Sources */ = {isa = PBXBuildFile; fileRef = 39224FA71973D63400E61111 /* ECSlidingViewController.m */; };
		39224FAF1973D63400E61111 /* UIViewController+ECSlidingViewController.m in Sources */ = {isa = PBXBuildFile; fileRef = 39224FA91973D63400E61111 /* UIViewController+ECSlidingViewController.m */; };
		39305F961958460D00E4CDA2 /* ArticleViewController.m in Sources */ = {isa = PBXBuildFile; fileRef = 39305F951958460D00E4CDA2 /* ArticleViewController.m */; };
		3944250719667D8000497336 /* AccordionTableViewController.m in Sources */ = {isa = PBXBuildFile; fileRef = 3944250619667D8000497336 /* AccordionTableViewController.m */; };
		394A9EE8194751FA00205F5C /* InboxViewController.m in Sources */ = {isa = PBXBuildFile; fileRef = 394A9EE7194751FA00205F5C /* InboxViewController.m */; };
		3974E4691976C1BB00F7E457 /* RTLabel.m in Sources */ = {isa = PBXBuildFile; fileRef = 3974E4681976C1BB00F7E457 /* RTLabel.m */; };
		3974E46B1976C3BA00F7E457 /* HelveticaNeue.dfont in Resources */ = {isa = PBXBuildFile; fileRef = 3974E46A1976C3BA00F7E457 /* HelveticaNeue.dfont */; };
		3974E46E1976E39C00F7E457 /* WebViewController.m in Sources */ = {isa = PBXBuildFile; fileRef = 3974E46D1976E39C00F7E457 /* WebViewController.m */; };
		3986B3B2195F02C60010ABCE /* AMWaveTransition.m in Sources */ = {isa = PBXBuildFile; fileRef = 3986B3AF195F02C60010ABCE /* AMWaveTransition.m */; };
		3986B3B3195F02C60010ABCE /* AMWaveViewController.m in Sources */ = {isa = PBXBuildFile; fileRef = 3986B3B1195F02C60010ABCE /* AMWaveViewController.m */; };
		3986B3B7195F08A90010ABCE /* login_iclon.png in Resources */ = {isa = PBXBuildFile; fileRef = 3986B3B4195F08A90010ABCE /* login_iclon.png */; };
		3986B3B8195F08A90010ABCE /* password_logo.png in Resources */ = {isa = PBXBuildFile; fileRef = 3986B3B5195F08A90010ABCE /* password_logo.png */; };
		3986B3BE195F3E140010ABCE /* ArchiveViewController.m in Sources */ = {isa = PBXBuildFile; fileRef = 3986B3BD195F3E140010ABCE /* ArchiveViewController.m */; };
		398E64C61940CFF600BADF11 /* libsqlite3.0.dylib in Frameworks */ = {isa = PBXBuildFile; fileRef = 398E64C51940CFF600BADF11 /* libsqlite3.0.dylib */; };
		398E64C91940D88800BADF11 /* Database.m in Sources */ = {isa = PBXBuildFile; fileRef = 398E64C81940D88800BADF11 /* Database.m */; };
		398E64D81941229900BADF11 /* MainViewController.m in Sources */ = {isa = PBXBuildFile; fileRef = 398E64D61941229900BADF11 /* MainViewController.m */; };
		398E64DB194122AE00BADF11 /* RegisterViewController.m in Sources */ = {isa = PBXBuildFile; fileRef = 398E64DA194122AE00BADF11 /* RegisterViewController.m */; };
		398E64DE194122D300BADF11 /* LoginViewController.m in Sources */ = {isa = PBXBuildFile; fileRef = 398E64DD194122D300BADF11 /* LoginViewController.m */; };
		3995F5BB1950BD6A004C6A1A /* SHCTableViewCell_inbox.m in Sources */ = {isa = PBXBuildFile; fileRef = 3995F5BA1950BD6A004C6A1A /* SHCTableViewCell_inbox.m */; };
		3995F5BD1950BEA6004C6A1A /* QuartzCore.framework in Frameworks */ = {isa = PBXBuildFile; fileRef = 3995F5BC1950BEA6004C6A1A /* QuartzCore.framework */; };
		39A1BB20195F43AB007AAEC8 /* ArchiveViewController.m in Sources */ = {isa = PBXBuildFile; fileRef = 3986B3BD195F3E140010ABCE /* ArchiveViewController.m */; };
		39ABC56B19840ECD004511A2 /* DWTagList.m in Sources */ = {isa = PBXBuildFile; fileRef = 39ABC56A19840ECD004511A2 /* DWTagList.m */; };
		39ABC57C19840FC5004511A2 /* AKTagCell.m in Sources */ = {isa = PBXBuildFile; fileRef = 39ABC56E19840FC5004511A2 /* AKTagCell.m */; };
		39ABC57D19840FC5004511A2 /* AKTagsInputView.m in Sources */ = {isa = PBXBuildFile; fileRef = 39ABC57119840FC5004511A2 /* AKTagsInputView.m */; };
		39ABC57E19840FC5004511A2 /* AKTagsListView.m in Sources */ = {isa = PBXBuildFile; fileRef = 39ABC57319840FC5004511A2 /* AKTagsListView.m */; };
		39ABC57F19840FC5004511A2 /* AKTagsLookup.m in Sources */ = {isa = PBXBuildFile; fileRef = 39ABC57519840FC5004511A2 /* AKTagsLookup.m */; };
		39ABC58019840FC5004511A2 /* AKTagTextFieldCell.m in Sources */ = {isa = PBXBuildFile; fileRef = 39ABC57719840FC5004511A2 /* AKTagTextFieldCell.m */; };
		39ABC58119840FC5004511A2 /* AKTextField.m in Sources */ = {isa = PBXBuildFile; fileRef = 39ABC57919840FC5004511A2 /* AKTextField.m */; };
		39ABC58219840FC5004511A2 /* NSString+StringSizeWithFont.m in Sources */ = {isa = PBXBuildFile; fileRef = 39ABC57B19840FC5004511A2 /* NSString+StringSizeWithFont.m */; };
		39E16098197C456B007DB923 /* TaggingViewController.m in Sources */ = {isa = PBXBuildFile; fileRef = 39E16097197C456B007DB923 /* TaggingViewController.m */; };
		39E1609A197DAE6C007DB923 /* E.png in Resources */ = {isa = PBXBuildFile; fileRef = 39E16099197DAE6C007DB923 /* E.png */; };
		39E1609C197DAEF7007DB923 /* R.png in Resources */ = {isa = PBXBuildFile; fileRef = 39E1609B197DAEF7007DB923 /* R.png */; };
		39E1609E197DAF4A007DB923 /* A.png in Resources */ = {isa = PBXBuildFile; fileRef = 39E1609D197DAF4A007DB923 /* A.png */; };
		39E160A4197E780C007DB923 /* Rectangle 1.png in Resources */ = {isa = PBXBuildFile; fileRef = 39E160A3197E780C007DB923 /* Rectangle 1.png */; };
		39E160A7197EABA8007DB923 /* Tags Content - Rectangle.png in Resources */ = {isa = PBXBuildFile; fileRef = 39E160A5197EABA8007DB923 /* Tags Content - Rectangle.png */; };
		39E160A8197EABA8007DB923 /* Tags Title - Rectangle.png in Resources */ = {isa = PBXBuildFile; fileRef = 39E160A6197EABA8007DB923 /* Tags Title - Rectangle.png */; };
/* End PBXBuildFile section */

/* Begin PBXContainerItemProxy section */
		3907B2E7193CB7BC00100BD6 /* PBXContainerItemProxy */ = {
			isa = PBXContainerItemProxy;
			containerPortal = 3907B2BF193CB7BB00100BD6 /* Project object */;
			proxyType = 1;
			remoteGlobalIDString = 3907B2C6193CB7BB00100BD6;
			remoteInfo = ReadLater;
		};
/* End PBXContainerItemProxy section */

/* Begin PBXFileReference section */
		3907B2C7193CB7BB00100BD6 /* ReadLater.app */ = {isa = PBXFileReference; explicitFileType = wrapper.application; includeInIndex = 0; path = ReadLater.app; sourceTree = BUILT_PRODUCTS_DIR; };
		3907B2CA193CB7BB00100BD6 /* Foundation.framework */ = {isa = PBXFileReference; lastKnownFileType = wrapper.framework; name = Foundation.framework; path = System/Library/Frameworks/Foundation.framework; sourceTree = SDKROOT; };
		3907B2CC193CB7BB00100BD6 /* CoreGraphics.framework */ = {isa = PBXFileReference; lastKnownFileType = wrapper.framework; name = CoreGraphics.framework; path = System/Library/Frameworks/CoreGraphics.framework; sourceTree = SDKROOT; };
		3907B2CE193CB7BB00100BD6 /* UIKit.framework */ = {isa = PBXFileReference; lastKnownFileType = wrapper.framework; name = UIKit.framework; path = System/Library/Frameworks/UIKit.framework; sourceTree = SDKROOT; };
		3907B2D2193CB7BB00100BD6 /* ReadLater-Info.plist */ = {isa = PBXFileReference; lastKnownFileType = text.plist.xml; path = "ReadLater-Info.plist"; sourceTree = "<group>"; };
		3907B2D4193CB7BB00100BD6 /* en */ = {isa = PBXFileReference; lastKnownFileType = text.plist.strings; name = en; path = en.lproj/InfoPlist.strings; sourceTree = "<group>"; };
		3907B2D6193CB7BB00100BD6 /* main.m */ = {isa = PBXFileReference; lastKnownFileType = sourcecode.c.objc; path = main.m; sourceTree = "<group>"; };
		3907B2D8193CB7BB00100BD6 /* ReadLater-Prefix.pch */ = {isa = PBXFileReference; lastKnownFileType = sourcecode.c.h; path = "ReadLater-Prefix.pch"; sourceTree = "<group>"; };
		3907B2D9193CB7BB00100BD6 /* AppDelegate.h */ = {isa = PBXFileReference; lastKnownFileType = sourcecode.c.h; path = AppDelegate.h; sourceTree = "<group>"; };
		3907B2DA193CB7BB00100BD6 /* AppDelegate.m */ = {isa = PBXFileReference; lastKnownFileType = sourcecode.c.objc; path = AppDelegate.m; sourceTree = "<group>"; };
		3907B2DC193CB7BB00100BD6 /* Images.xcassets */ = {isa = PBXFileReference; lastKnownFileType = folder.assetcatalog; path = Images.xcassets; sourceTree = "<group>"; };
		3907B2E2193CB7BC00100BD6 /* ReadLaterTests.xctest */ = {isa = PBXFileReference; explicitFileType = wrapper.cfbundle; includeInIndex = 0; path = ReadLaterTests.xctest; sourceTree = BUILT_PRODUCTS_DIR; };
		3907B2E3193CB7BC00100BD6 /* XCTest.framework */ = {isa = PBXFileReference; lastKnownFileType = wrapper.framework; name = XCTest.framework; path = Library/Frameworks/XCTest.framework; sourceTree = DEVELOPER_DIR; };
		3907B2EB193CB7BC00100BD6 /* ReadLaterTests-Info.plist */ = {isa = PBXFileReference; lastKnownFileType = text.plist.xml; path = "ReadLaterTests-Info.plist"; sourceTree = "<group>"; };
		3907B2ED193CB7BC00100BD6 /* en */ = {isa = PBXFileReference; lastKnownFileType = text.plist.strings; name = en; path = en.lproj/InfoPlist.strings; sourceTree = "<group>"; };
		3907B2EF193CB7BC00100BD6 /* ReadLaterTests.m */ = {isa = PBXFileReference; lastKnownFileType = sourcecode.c.objc; path = ReadLaterTests.m; sourceTree = "<group>"; };
		3907B2FA193CB7E100100BD6 /* Storyboard.storyboard */ = {isa = PBXFileReference; fileEncoding = 4; lastKnownFileType = file.storyboard; path = Storyboard.storyboard; sourceTree = "<group>"; };
		3907B2FC193CB80E00100BD6 /* User.h */ = {isa = PBXFileReference; fileEncoding = 4; lastKnownFileType = sourcecode.c.h; path = User.h; sourceTree = "<group>"; };
		3907B2FD193CB80E00100BD6 /* User.m */ = {isa = PBXFileReference; fileEncoding = 4; lastKnownFileType = sourcecode.c.objc; path = User.m; sourceTree = "<group>"; };
		3907B2FF193CCCA100100BD6 /* Article.h */ = {isa = PBXFileReference; fileEncoding = 4; lastKnownFileType = sourcecode.c.h; path = Article.h; sourceTree = "<group>"; };
		3907B300193CCCA100100BD6 /* Article.m */ = {isa = PBXFileReference; fileEncoding = 4; lastKnownFileType = sourcecode.c.objc; path = Article.m; sourceTree = "<group>"; };
		390E25B319844887006B4402 /* SHCT_TableViewCell_inbox.xib */ = {isa = PBXFileReference; fileEncoding = 4; lastKnownFileType = file.xib; name = SHCT_TableViewCell_inbox.xib; path = readlater/SHCT_TableViewCell_inbox.xib; sourceTree = SOURCE_ROOT; };
		39164639195C7C2E005389E1 /* JCRBlurView.h */ = {isa = PBXFileReference; fileEncoding = 4; lastKnownFileType = sourcecode.c.h; path = JCRBlurView.h; sourceTree = "<group>"; };
		3916463A195C7C2E005389E1 /* JCRBlurView.m */ = {isa = PBXFileReference; fileEncoding = 4; lastKnownFileType = sourcecode.c.objc; path = JCRBlurView.m; sourceTree = "<group>"; };
		3916463E195C88C4005389E1 /* AFViewShaker.h */ = {isa = PBXFileReference; fileEncoding = 4; lastKnownFileType = sourcecode.c.h; path = AFViewShaker.h; sourceTree = "<group>"; };
		3916463F195C88C4005389E1 /* AFViewShaker.m */ = {isa = PBXFileReference; fileEncoding = 4; lastKnownFileType = sourcecode.c.objc; path = AFViewShaker.m; sourceTree = "<group>"; };
		391A6CE71964E999006DDFB4 /* down-arrow.png */ = {isa = PBXFileReference; lastKnownFileType = image.png; path = "down-arrow.png"; sourceTree = "<group>"; };
		391A6CE91964EAB4006DDFB4 /* data.plist */ = {isa = PBXFileReference; fileEncoding = 4; lastKnownFileType = text.plist.xml; path = data.plist; sourceTree = "<group>"; };
		39224F9D1973D63400E61111 /* ECPercentDrivenInteractiveTransition.h */ = {isa = PBXFileReference; fileEncoding = 4; lastKnownFileType = sourcecode.c.h; path = ECPercentDrivenInteractiveTransition.h; sourceTree = "<group>"; };
		39224F9E1973D63400E61111 /* ECPercentDrivenInteractiveTransition.m */ = {isa = PBXFileReference; fileEncoding = 4; lastKnownFileType = sourcecode.c.objc; path = ECPercentDrivenInteractiveTransition.m; sourceTree = "<group>"; };
		39224F9F1973D63400E61111 /* ECSlidingAnimationController.h */ = {isa = PBXFileReference; fileEncoding = 4; lastKnownFileType = sourcecode.c.h; path = ECSlidingAnimationController.h; sourceTree = "<group>"; };
		39224FA01973D63400E61111 /* ECSlidingAnimationController.m */ = {isa = PBXFileReference; fileEncoding = 4; lastKnownFileType = sourcecode.c.objc; path = ECSlidingAnimationController.m; sourceTree = "<group>"; };
		39224FA11973D63400E61111 /* ECSlidingConstants.h */ = {isa = PBXFileReference; fileEncoding = 4; lastKnownFileType = sourcecode.c.h; path = ECSlidingConstants.h; sourceTree = "<group>"; };
		39224FA21973D63400E61111 /* ECSlidingInteractiveTransition.h */ = {isa = PBXFileReference; fileEncoding = 4; lastKnownFileType = sourcecode.c.h; path = ECSlidingInteractiveTransition.h; sourceTree = "<group>"; };
		39224FA31973D63400E61111 /* ECSlidingInteractiveTransition.m */ = {isa = PBXFileReference; fileEncoding = 4; lastKnownFileType = sourcecode.c.objc; path = ECSlidingInteractiveTransition.m; sourceTree = "<group>"; };
		39224FA41973D63400E61111 /* ECSlidingSegue.h */ = {isa = PBXFileReference; fileEncoding = 4; lastKnownFileType = sourcecode.c.h; path = ECSlidingSegue.h; sourceTree = "<group>"; };
		39224FA51973D63400E61111 /* ECSlidingSegue.m */ = {isa = PBXFileReference; fileEncoding = 4; lastKnownFileType = sourcecode.c.objc; path = ECSlidingSegue.m; sourceTree = "<group>"; };
		39224FA61973D63400E61111 /* ECSlidingViewController.h */ = {isa = PBXFileReference; fileEncoding = 4; lastKnownFileType = sourcecode.c.h; path = ECSlidingViewController.h; sourceTree = "<group>"; };
		39224FA71973D63400E61111 /* ECSlidingViewController.m */ = {isa = PBXFileReference; fileEncoding = 4; lastKnownFileType = sourcecode.c.objc; path = ECSlidingViewController.m; sourceTree = "<group>"; };
		39224FA81973D63400E61111 /* UIViewController+ECSlidingViewController.h */ = {isa = PBXFileReference; fileEncoding = 4; lastKnownFileType = sourcecode.c.h; path = "UIViewController+ECSlidingViewController.h"; sourceTree = "<group>"; };
		39224FA91973D63400E61111 /* UIViewController+ECSlidingViewController.m */ = {isa = PBXFileReference; fileEncoding = 4; lastKnownFileType = sourcecode.c.objc; path = "UIViewController+ECSlidingViewController.m"; sourceTree = "<group>"; };
		39305F941958460D00E4CDA2 /* ArticleViewController.h */ = {isa = PBXFileReference; fileEncoding = 4; lastKnownFileType = sourcecode.c.h; path = ArticleViewController.h; sourceTree = "<group>"; };
		39305F951958460D00E4CDA2 /* ArticleViewController.m */ = {isa = PBXFileReference; fileEncoding = 4; lastKnownFileType = sourcecode.c.objc; path = ArticleViewController.m; sourceTree = "<group>"; };
		3944250519667D8000497336 /* AccordionTableViewController.h */ = {isa = PBXFileReference; fileEncoding = 4; lastKnownFileType = sourcecode.c.h; path = AccordionTableViewController.h; sourceTree = "<group>"; };
		3944250619667D8000497336 /* AccordionTableViewController.m */ = {isa = PBXFileReference; fileEncoding = 4; lastKnownFileType = sourcecode.c.objc; path = AccordionTableViewController.m; sourceTree = "<group>"; };
		394A9EE6194751FA00205F5C /* InboxViewController.h */ = {isa = PBXFileReference; fileEncoding = 4; lastKnownFileType = sourcecode.c.h; path = InboxViewController.h; sourceTree = "<group>"; };
		394A9EE7194751FA00205F5C /* InboxViewController.m */ = {isa = PBXFileReference; fileEncoding = 4; lastKnownFileType = sourcecode.c.objc; path = InboxViewController.m; sourceTree = "<group>"; };
		3974E4671976C1BB00F7E457 /* RTLabel.h */ = {isa = PBXFileReference; fileEncoding = 4; lastKnownFileType = sourcecode.c.h; path = RTLabel.h; sourceTree = "<group>"; };
		3974E4681976C1BB00F7E457 /* RTLabel.m */ = {isa = PBXFileReference; fileEncoding = 4; lastKnownFileType = sourcecode.c.objc; path = RTLabel.m; sourceTree = "<group>"; };
		3974E46A1976C3BA00F7E457 /* HelveticaNeue.dfont */ = {isa = PBXFileReference; lastKnownFileType = file; path = HelveticaNeue.dfont; sourceTree = "<group>"; };
		3974E46C1976E39C00F7E457 /* WebViewController.h */ = {isa = PBXFileReference; fileEncoding = 4; lastKnownFileType = sourcecode.c.h; path = WebViewController.h; sourceTree = "<group>"; };
		3974E46D1976E39C00F7E457 /* WebViewController.m */ = {isa = PBXFileReference; fileEncoding = 4; lastKnownFileType = sourcecode.c.objc; path = WebViewController.m; sourceTree = "<group>"; };
		3986B3AE195F02C60010ABCE /* AMWaveTransition.h */ = {isa = PBXFileReference; fileEncoding = 4; lastKnownFileType = sourcecode.c.h; path = AMWaveTransition.h; sourceTree = "<group>"; };
		3986B3AF195F02C60010ABCE /* AMWaveTransition.m */ = {isa = PBXFileReference; fileEncoding = 4; lastKnownFileType = sourcecode.c.objc; path = AMWaveTransition.m; sourceTree = "<group>"; };
		3986B3B0195F02C60010ABCE /* AMWaveViewController.h */ = {isa = PBXFileReference; fileEncoding = 4; lastKnownFileType = sourcecode.c.h; path = AMWaveViewController.h; sourceTree = "<group>"; };
		3986B3B1195F02C60010ABCE /* AMWaveViewController.m */ = {isa = PBXFileReference; fileEncoding = 4; lastKnownFileType = sourcecode.c.objc; path = AMWaveViewController.m; sourceTree = "<group>"; };
		3986B3B4195F08A90010ABCE /* login_iclon.png */ = {isa = PBXFileReference; lastKnownFileType = image.png; path = login_iclon.png; sourceTree = "<group>"; };
		3986B3B5195F08A90010ABCE /* password_logo.png */ = {isa = PBXFileReference; lastKnownFileType = image.png; path = password_logo.png; sourceTree = "<group>"; };
		3986B3BC195F3E140010ABCE /* ArchiveViewController.h */ = {isa = PBXFileReference; fileEncoding = 4; lastKnownFileType = sourcecode.c.h; path = ArchiveViewController.h; sourceTree = "<group>"; };
		3986B3BD195F3E140010ABCE /* ArchiveViewController.m */ = {isa = PBXFileReference; fileEncoding = 4; lastKnownFileType = sourcecode.c.objc; path = ArchiveViewController.m; sourceTree = "<group>"; };
		398E64C51940CFF600BADF11 /* libsqlite3.0.dylib */ = {isa = PBXFileReference; lastKnownFileType = "compiled.mach-o.dylib"; path = libsqlite3.0.dylib; sourceTree = "<group>"; };
		398E64C71940D88800BADF11 /* Database.h */ = {isa = PBXFileReference; fileEncoding = 4; lastKnownFileType = sourcecode.c.h; path = Database.h; sourceTree = "<group>"; };
		398E64C81940D88800BADF11 /* Database.m */ = {isa = PBXFileReference; fileEncoding = 4; lastKnownFileType = sourcecode.c.objc; path = Database.m; sourceTree = "<group>"; };
		398E64D51941229900BADF11 /* MainViewController.h */ = {isa = PBXFileReference; fileEncoding = 4; lastKnownFileType = sourcecode.c.h; path = MainViewController.h; sourceTree = "<group>"; };
		398E64D61941229900BADF11 /* MainViewController.m */ = {isa = PBXFileReference; fileEncoding = 4; lastKnownFileType = sourcecode.c.objc; path = MainViewController.m; sourceTree = "<group>"; };
		398E64D9194122AE00BADF11 /* RegisterViewController.h */ = {isa = PBXFileReference; fileEncoding = 4; lastKnownFileType = sourcecode.c.h; path = RegisterViewController.h; sourceTree = "<group>"; };
		398E64DA194122AE00BADF11 /* RegisterViewController.m */ = {isa = PBXFileReference; fileEncoding = 4; lastKnownFileType = sourcecode.c.objc; path = RegisterViewController.m; sourceTree = "<group>"; };
		398E64DC194122D300BADF11 /* LoginViewController.h */ = {isa = PBXFileReference; fileEncoding = 4; lastKnownFileType = sourcecode.c.h; path = LoginViewController.h; sourceTree = "<group>"; };
		398E64DD194122D300BADF11 /* LoginViewController.m */ = {isa = PBXFileReference; fileEncoding = 4; lastKnownFileType = sourcecode.c.objc; path = LoginViewController.m; sourceTree = "<group>"; };
		3995F5B91950BD6A004C6A1A /* SHCTableViewCell_inbox.h */ = {isa = PBXFileReference; fileEncoding = 4; lastKnownFileType = sourcecode.c.h; path = SHCTableViewCell_inbox.h; sourceTree = "<group>"; };
		3995F5BA1950BD6A004C6A1A /* SHCTableViewCell_inbox.m */ = {isa = PBXFileReference; fileEncoding = 4; lastKnownFileType = sourcecode.c.objc; path = SHCTableViewCell_inbox.m; sourceTree = "<group>"; };
		3995F5BC1950BEA6004C6A1A /* QuartzCore.framework */ = {isa = PBXFileReference; lastKnownFileType = wrapper.framework; name = QuartzCore.framework; path = System/Library/Frameworks/QuartzCore.framework; sourceTree = SDKROOT; };
		3995F5BE1950CC29004C6A1A /* SHCTableViewCellDelegate.h */ = {isa = PBXFileReference; fileEncoding = 4; lastKnownFileType = sourcecode.c.h; path = SHCTableViewCellDelegate.h; sourceTree = "<group>"; };
		39ABC56919840ECD004511A2 /* DWTagList.h */ = {isa = PBXFileReference; fileEncoding = 4; lastKnownFileType = sourcecode.c.h; name = DWTagList.h; path = readlater/DWTagList.h; sourceTree = SOURCE_ROOT; };
		39ABC56A19840ECD004511A2 /* DWTagList.m */ = {isa = PBXFileReference; fileEncoding = 4; lastKnownFileType = sourcecode.c.objc; name = DWTagList.m; path = readlater/DWTagList.m; sourceTree = SOURCE_ROOT; };
		39ABC56D19840FC5004511A2 /* AKTagCell.h */ = {isa = PBXFileReference; fileEncoding = 4; lastKnownFileType = sourcecode.c.h; path = AKTagCell.h; sourceTree = "<group>"; };
		39ABC56E19840FC5004511A2 /* AKTagCell.m */ = {isa = PBXFileReference; fileEncoding = 4; lastKnownFileType = sourcecode.c.objc; path = AKTagCell.m; sourceTree = "<group>"; };
		39ABC56F19840FC5004511A2 /* AKTagsDefines.h */ = {isa = PBXFileReference; fileEncoding = 4; lastKnownFileType = sourcecode.c.h; path = AKTagsDefines.h; sourceTree = "<group>"; };
		39ABC57019840FC5004511A2 /* AKTagsInputView.h */ = {isa = PBXFileReference; fileEncoding = 4; lastKnownFileType = sourcecode.c.h; path = AKTagsInputView.h; sourceTree = "<group>"; };
		39ABC57119840FC5004511A2 /* AKTagsInputView.m */ = {isa = PBXFileReference; fileEncoding = 4; lastKnownFileType = sourcecode.c.objc; path = AKTagsInputView.m; sourceTree = "<group>"; };
		39ABC57219840FC5004511A2 /* AKTagsListView.h */ = {isa = PBXFileReference; fileEncoding = 4; lastKnownFileType = sourcecode.c.h; path = AKTagsListView.h; sourceTree = "<group>"; };
		39ABC57319840FC5004511A2 /* AKTagsListView.m */ = {isa = PBXFileReference; fileEncoding = 4; lastKnownFileType = sourcecode.c.objc; path = AKTagsListView.m; sourceTree = "<group>"; };
		39ABC57419840FC5004511A2 /* AKTagsLookup.h */ = {isa = PBXFileReference; fileEncoding = 4; lastKnownFileType = sourcecode.c.h; path = AKTagsLookup.h; sourceTree = "<group>"; };
		39ABC57519840FC5004511A2 /* AKTagsLookup.m */ = {isa = PBXFileReference; fileEncoding = 4; lastKnownFileType = sourcecode.c.objc; path = AKTagsLookup.m; sourceTree = "<group>"; };
		39ABC57619840FC5004511A2 /* AKTagTextFieldCell.h */ = {isa = PBXFileReference; fileEncoding = 4; lastKnownFileType = sourcecode.c.h; path = AKTagTextFieldCell.h; sourceTree = "<group>"; };
		39ABC57719840FC5004511A2 /* AKTagTextFieldCell.m */ = {isa = PBXFileReference; fileEncoding = 4; lastKnownFileType = sourcecode.c.objc; path = AKTagTextFieldCell.m; sourceTree = "<group>"; };
		39ABC57819840FC5004511A2 /* AKTextField.h */ = {isa = PBXFileReference; fileEncoding = 4; lastKnownFileType = sourcecode.c.h; path = AKTextField.h; sourceTree = "<group>"; };
		39ABC57919840FC5004511A2 /* AKTextField.m */ = {isa = PBXFileReference; fileEncoding = 4; lastKnownFileType = sourcecode.c.objc; path = AKTextField.m; sourceTree = "<group>"; };
		39ABC57A19840FC5004511A2 /* NSString+StringSizeWithFont.h */ = {isa = PBXFileReference; fileEncoding = 4; lastKnownFileType = sourcecode.c.h; path = "NSString+StringSizeWithFont.h"; sourceTree = "<group>"; };
		39ABC57B19840FC5004511A2 /* NSString+StringSizeWithFont.m */ = {isa = PBXFileReference; fileEncoding = 4; lastKnownFileType = sourcecode.c.objc; path = "NSString+StringSizeWithFont.m"; sourceTree = "<group>"; };
		39E16096197C456B007DB923 /* TaggingViewController.h */ = {isa = PBXFileReference; fileEncoding = 4; lastKnownFileType = sourcecode.c.h; path = TaggingViewController.h; sourceTree = "<group>"; };
		39E16097197C456B007DB923 /* TaggingViewController.m */ = {isa = PBXFileReference; fileEncoding = 4; lastKnownFileType = sourcecode.c.objc; path = TaggingViewController.m; sourceTree = "<group>"; };
		39E16099197DAE6C007DB923 /* E.png */ = {isa = PBXFileReference; lastKnownFileType = image.png; name = E.png; path = Images/E.png; sourceTree = "<group>"; };
		39E1609B197DAEF7007DB923 /* R.png */ = {isa = PBXFileReference; lastKnownFileType = image.png; name = R.png; path = Images/R.png; sourceTree = "<group>"; };
		39E1609D197DAF4A007DB923 /* A.png */ = {isa = PBXFileReference; lastKnownFileType = image.png; name = A.png; path = Images/A.png; sourceTree = "<group>"; };
		39E160A3197E780C007DB923 /* Rectangle 1.png */ = {isa = PBXFileReference; lastKnownFileType = image.png; path = "Rectangle 1.png"; sourceTree = "<group>"; };
		39E160A5197EABA8007DB923 /* Tags Content - Rectangle.png */ = {isa = PBXFileReference; lastKnownFileType = image.png; path = "Tags Content - Rectangle.png"; sourceTree = "<group>"; };
		39E160A6197EABA8007DB923 /* Tags Title - Rectangle.png */ = {isa = PBXFileReference; lastKnownFileType = image.png; path = "Tags Title - Rectangle.png"; sourceTree = "<group>"; };
/* End PBXFileReference section */

/* Begin PBXFrameworksBuildPhase section */
		3907B2C4193CB7BB00100BD6 /* Frameworks */ = {
			isa = PBXFrameworksBuildPhase;
			buildActionMask = 2147483647;
			files = (
				3995F5BD1950BEA6004C6A1A /* QuartzCore.framework in Frameworks */,
				3907B2CD193CB7BB00100BD6 /* CoreGraphics.framework in Frameworks */,
				3907B2CF193CB7BB00100BD6 /* UIKit.framework in Frameworks */,
				398E64C61940CFF600BADF11 /* libsqlite3.0.dylib in Frameworks */,
				3907B2CB193CB7BB00100BD6 /* Foundation.framework in Frameworks */,
			);
			runOnlyForDeploymentPostprocessing = 0;
		};
		3907B2DF193CB7BC00100BD6 /* Frameworks */ = {
			isa = PBXFrameworksBuildPhase;
			buildActionMask = 2147483647;
			files = (
				3907B2E4193CB7BC00100BD6 /* XCTest.framework in Frameworks */,
				3907B2E6193CB7BC00100BD6 /* UIKit.framework in Frameworks */,
				3907B2E5193CB7BC00100BD6 /* Foundation.framework in Frameworks */,
			);
			runOnlyForDeploymentPostprocessing = 0;
		};
/* End PBXFrameworksBuildPhase section */

/* Begin PBXGroup section */
		3907B2BE193CB7BB00100BD6 = {
			isa = PBXGroup;
			children = (
				398E64C51940CFF600BADF11 /* libsqlite3.0.dylib */,
				3907B2D0193CB7BB00100BD6 /* ReadLater */,
				3907B2E9193CB7BC00100BD6 /* ReadLaterTests */,
				3907B2C9193CB7BB00100BD6 /* Frameworks */,
				3907B2C8193CB7BB00100BD6 /* Products */,
			);
			sourceTree = "<group>";
		};
		3907B2C8193CB7BB00100BD6 /* Products */ = {
			isa = PBXGroup;
			children = (
				3907B2C7193CB7BB00100BD6 /* ReadLater.app */,
				3907B2E2193CB7BC00100BD6 /* ReadLaterTests.xctest */,
			);
			name = Products;
			sourceTree = "<group>";
		};
		3907B2C9193CB7BB00100BD6 /* Frameworks */ = {
			isa = PBXGroup;
			children = (
				3995F5BC1950BEA6004C6A1A /* QuartzCore.framework */,
				3907B2CA193CB7BB00100BD6 /* Foundation.framework */,
				3907B2CC193CB7BB00100BD6 /* CoreGraphics.framework */,
				3907B2CE193CB7BB00100BD6 /* UIKit.framework */,
				3907B2E3193CB7BC00100BD6 /* XCTest.framework */,
			);
			name = Frameworks;
			sourceTree = "<group>";
		};
		3907B2D0193CB7BB00100BD6 /* ReadLater */ = {
			isa = PBXGroup;
			children = (
				39164631195C4851005389E1 /* Images */,
				3907B2D9193CB7BB00100BD6 /* AppDelegate.h */,
				3907B2DA193CB7BB00100BD6 /* AppDelegate.m */,
				398E64C41940CF6500BADF11 /* UI */,
				3907B2DC193CB7BB00100BD6 /* Images.xcassets */,
				3907B2F9193CB7C900100BD6 /* Model */,
				3907B2D1193CB7BB00100BD6 /* Supporting Files */,
			);
			path = ReadLater;
			sourceTree = "<group>";
		};
		3907B2D1193CB7BB00100BD6 /* Supporting Files */ = {
			isa = PBXGroup;
			children = (
				391A6CE91964EAB4006DDFB4 /* data.plist */,
				3907B2D2193CB7BB00100BD6 /* ReadLater-Info.plist */,
				3907B2D3193CB7BB00100BD6 /* InfoPlist.strings */,
				3907B2D6193CB7BB00100BD6 /* main.m */,
				3907B2D8193CB7BB00100BD6 /* ReadLater-Prefix.pch */,
			);
			name = "Supporting Files";
			sourceTree = "<group>";
		};
		3907B2E9193CB7BC00100BD6 /* ReadLaterTests */ = {
			isa = PBXGroup;
			children = (
				3907B2EF193CB7BC00100BD6 /* ReadLaterTests.m */,
				3907B2EA193CB7BC00100BD6 /* Supporting Files */,
			);
			path = ReadLaterTests;
			sourceTree = "<group>";
		};
		3907B2EA193CB7BC00100BD6 /* Supporting Files */ = {
			isa = PBXGroup;
			children = (
				3907B2EB193CB7BC00100BD6 /* ReadLaterTests-Info.plist */,
				3907B2EC193CB7BC00100BD6 /* InfoPlist.strings */,
			);
			name = "Supporting Files";
			sourceTree = "<group>";
		};
		3907B2F9193CB7C900100BD6 /* Model */ = {
			isa = PBXGroup;
			children = (
				3907B2FC193CB80E00100BD6 /* User.h */,
				3907B2FD193CB80E00100BD6 /* User.m */,
				3907B2FF193CCCA100100BD6 /* Article.h */,
				3907B300193CCCA100100BD6 /* Article.m */,
				398E64C71940D88800BADF11 /* Database.h */,
				398E64C81940D88800BADF11 /* Database.m */,
			);
			name = Model;
			sourceTree = "<group>";
		};
		39164631195C4851005389E1 /* Images */ = {
			isa = PBXGroup;
			children = (
				39E160A5197EABA8007DB923 /* Tags Content - Rectangle.png */,
				39E160A6197EABA8007DB923 /* Tags Title - Rectangle.png */,
				39E160A3197E780C007DB923 /* Rectangle 1.png */,
				39E1609D197DAF4A007DB923 /* A.png */,
				39E1609B197DAEF7007DB923 /* R.png */,
				39E16099197DAE6C007DB923 /* E.png */,
				391A6CE71964E999006DDFB4 /* down-arrow.png */,
				3986B3B4195F08A90010ABCE /* login_iclon.png */,
				3986B3B5195F08A90010ABCE /* password_logo.png */,
			);
			name = Images;
			sourceTree = "<group>";
		};
		39164638195C7C0D005389E1 /* Effects */ = {
			isa = PBXGroup;
			children = (
				39164639195C7C2E005389E1 /* JCRBlurView.h */,
				3916463A195C7C2E005389E1 /* JCRBlurView.m */,
				3916463E195C88C4005389E1 /* AFViewShaker.h */,
				3916463F195C88C4005389E1 /* AFViewShaker.m */,
			);
			name = Effects;
			path = ..;
			sourceTree = "<group>";
		};
		39224F9B1973D63400E61111 /* ThirdParty */ = {
			isa = PBXGroup;
			children = (
				39ABC56C19840FAD004511A2 /* AKTagsInputViewExample */,
				39E160AF197EC02D007DB923 /* DWTagList */,
				3995F5AC19509F29004C6A1A /* Swipe Implementation */,
				3986B3AD195F02C60010ABCE /* AMWaveTransition */,
				3974E4661976C19600F7E457 /* Clickable Label */,
				39164638195C7C0D005389E1 /* Effects */,
				39224F9C1973D63400E61111 /* ECSlidingViewController */,
			);
			path = ThirdParty;
			sourceTree = "<group>";
		};
		39224F9C1973D63400E61111 /* ECSlidingViewController */ = {
			isa = PBXGroup;
			children = (
				39224F9D1973D63400E61111 /* ECPercentDrivenInteractiveTransition.h */,
				39224F9E1973D63400E61111 /* ECPercentDrivenInteractiveTransition.m */,
				39224F9F1973D63400E61111 /* ECSlidingAnimationController.h */,
				39224FA01973D63400E61111 /* ECSlidingAnimationController.m */,
				39224FA11973D63400E61111 /* ECSlidingConstants.h */,
				39224FA21973D63400E61111 /* ECSlidingInteractiveTransition.h */,
				39224FA31973D63400E61111 /* ECSlidingInteractiveTransition.m */,
				39224FA41973D63400E61111 /* ECSlidingSegue.h */,
				39224FA51973D63400E61111 /* ECSlidingSegue.m */,
				39224FA61973D63400E61111 /* ECSlidingViewController.h */,
				39224FA71973D63400E61111 /* ECSlidingViewController.m */,
				39224FA81973D63400E61111 /* UIViewController+ECSlidingViewController.h */,
				39224FA91973D63400E61111 /* UIViewController+ECSlidingViewController.m */,
			);
			path = ECSlidingViewController;
			sourceTree = "<group>";
		};
		3974E4661976C19600F7E457 /* Clickable Label */ = {
			isa = PBXGroup;
			children = (
				3974E46A1976C3BA00F7E457 /* HelveticaNeue.dfont */,
				3974E4671976C1BB00F7E457 /* RTLabel.h */,
				3974E4681976C1BB00F7E457 /* RTLabel.m */,
			);
			name = "Clickable Label";
			path = ..;
			sourceTree = "<group>";
		};
		3986B3AD195F02C60010ABCE /* AMWaveTransition */ = {
			isa = PBXGroup;
			children = (
				3986B3AE195F02C60010ABCE /* AMWaveTransition.h */,
				3986B3AF195F02C60010ABCE /* AMWaveTransition.m */,
				3986B3B0195F02C60010ABCE /* AMWaveViewController.h */,
				3986B3B1195F02C60010ABCE /* AMWaveViewController.m */,
			);
			name = AMWaveTransition;
			path = ../AMWaveTransition;
			sourceTree = "<group>";
		};
		398E64C41940CF6500BADF11 /* UI */ = {
			isa = PBXGroup;
			children = (
				39224F9B1973D63400E61111 /* ThirdParty */,
				3907B2FA193CB7E100100BD6 /* Storyboard.storyboard */,
				398E64DC194122D300BADF11 /* LoginViewController.h */,
				398E64DD194122D300BADF11 /* LoginViewController.m */,
				398E64D9194122AE00BADF11 /* RegisterViewController.h */,
				398E64DA194122AE00BADF11 /* RegisterViewController.m */,
				398E64D51941229900BADF11 /* MainViewController.h */,
				398E64D61941229900BADF11 /* MainViewController.m */,
				394A9EE6194751FA00205F5C /* InboxViewController.h */,
				394A9EE7194751FA00205F5C /* InboxViewController.m */,
				39305F941958460D00E4CDA2 /* ArticleViewController.h */,
				39305F951958460D00E4CDA2 /* ArticleViewController.m */,
				3986B3BC195F3E140010ABCE /* ArchiveViewController.h */,
				3986B3BD195F3E140010ABCE /* ArchiveViewController.m */,
				3944250519667D8000497336 /* AccordionTableViewController.h */,
				3944250619667D8000497336 /* AccordionTableViewController.m */,
				39E16096197C456B007DB923 /* TaggingViewController.h */,
				39E16097197C456B007DB923 /* TaggingViewController.m */,
				3974E46C1976E39C00F7E457 /* WebViewController.h */,
				3974E46D1976E39C00F7E457 /* WebViewController.m */,
			);
			name = UI;
			sourceTree = "<group>";
		};
		3995F5AC19509F29004C6A1A /* Swipe Implementation */ = {
			isa = PBXGroup;
			children = (
				390E25B319844887006B4402 /* SHCT_TableViewCell_inbox.xib */,
				3995F5B91950BD6A004C6A1A /* SHCTableViewCell_inbox.h */,
				3995F5BA1950BD6A004C6A1A /* SHCTableViewCell_inbox.m */,
				3995F5BE1950CC29004C6A1A /* SHCTableViewCellDelegate.h */,
			);
			name = "Swipe Implementation";
			path = ..;
			sourceTree = "<group>";
		};
		39ABC56C19840FAD004511A2 /* AKTagsInputViewExample */ = {
			isa = PBXGroup;
			children = (
				39ABC56D19840FC5004511A2 /* AKTagCell.h */,
				39ABC56E19840FC5004511A2 /* AKTagCell.m */,
				39ABC56F19840FC5004511A2 /* AKTagsDefines.h */,
				39ABC57019840FC5004511A2 /* AKTagsInputView.h */,
				39ABC57119840FC5004511A2 /* AKTagsInputView.m */,
				39ABC57219840FC5004511A2 /* AKTagsListView.h */,
				39ABC57319840FC5004511A2 /* AKTagsListView.m */,
				39ABC57419840FC5004511A2 /* AKTagsLookup.h */,
				39ABC57519840FC5004511A2 /* AKTagsLookup.m */,
				39ABC57619840FC5004511A2 /* AKTagTextFieldCell.h */,
				39ABC57719840FC5004511A2 /* AKTagTextFieldCell.m */,
				39ABC57819840FC5004511A2 /* AKTextField.h */,
				39ABC57919840FC5004511A2 /* AKTextField.m */,
				39ABC57A19840FC5004511A2 /* NSString+StringSizeWithFont.h */,
				39ABC57B19840FC5004511A2 /* NSString+StringSizeWithFont.m */,
			);
			name = AKTagsInputViewExample;
			sourceTree = "<group>";
		};
		39E160AF197EC02D007DB923 /* DWTagList */ = {
			isa = PBXGroup;
			children = (
				39ABC56919840ECD004511A2 /* DWTagList.h */,
				39ABC56A19840ECD004511A2 /* DWTagList.m */,
			);
			name = DWTagList;
			path = "../../../../../Downloads/AKTagsInputView-master-2/Classes";
			sourceTree = "<group>";
		};
/* End PBXGroup section */

/* Begin PBXNativeTarget section */
		3907B2C6193CB7BB00100BD6 /* ReadLater */ = {
			isa = PBXNativeTarget;
			buildConfigurationList = 3907B2F3193CB7BC00100BD6 /* Build configuration list for PBXNativeTarget "ReadLater" */;
			buildPhases = (
				3907B2C3193CB7BB00100BD6 /* Sources */,
				3907B2C4193CB7BB00100BD6 /* Frameworks */,
				3907B2C5193CB7BB00100BD6 /* Resources */,
			);
			buildRules = (
			);
			dependencies = (
			);
			name = ReadLater;
			productName = ReadLater;
			productReference = 3907B2C7193CB7BB00100BD6 /* ReadLater.app */;
			productType = "com.apple.product-type.application";
		};
		3907B2E1193CB7BC00100BD6 /* ReadLaterTests */ = {
			isa = PBXNativeTarget;
			buildConfigurationList = 3907B2F6193CB7BC00100BD6 /* Build configuration list for PBXNativeTarget "ReadLaterTests" */;
			buildPhases = (
				3907B2DE193CB7BC00100BD6 /* Sources */,
				3907B2DF193CB7BC00100BD6 /* Frameworks */,
				3907B2E0193CB7BC00100BD6 /* Resources */,
			);
			buildRules = (
			);
			dependencies = (
				3907B2E8193CB7BC00100BD6 /* PBXTargetDependency */,
			);
			name = ReadLaterTests;
			productName = ReadLaterTests;
			productReference = 3907B2E2193CB7BC00100BD6 /* ReadLaterTests.xctest */;
			productType = "com.apple.product-type.bundle.unit-test";
		};
/* End PBXNativeTarget section */

/* Begin PBXProject section */
		3907B2BF193CB7BB00100BD6 /* Project object */ = {
			isa = PBXProject;
			attributes = {
				LastUpgradeCheck = 0510;
				ORGANIZATIONNAME = Sermilion;
				TargetAttributes = {
					3907B2E1193CB7BC00100BD6 = {
						TestTargetID = 3907B2C6193CB7BB00100BD6;
					};
				};
			};
			buildConfigurationList = 3907B2C2193CB7BB00100BD6 /* Build configuration list for PBXProject "readlater" */;
			compatibilityVersion = "Xcode 3.2";
			developmentRegion = English;
			hasScannedForEncodings = 0;
			knownRegions = (
				en,
				Base,
			);
			mainGroup = 3907B2BE193CB7BB00100BD6;
			productRefGroup = 3907B2C8193CB7BB00100BD6 /* Products */;
			projectDirPath = "";
			projectRoot = "";
			targets = (
				3907B2C6193CB7BB00100BD6 /* ReadLater */,
				3907B2E1193CB7BC00100BD6 /* ReadLaterTests */,
			);
		};
/* End PBXProject section */

/* Begin PBXResourcesBuildPhase section */
		3907B2C5193CB7BB00100BD6 /* Resources */ = {
			isa = PBXResourcesBuildPhase;
			buildActionMask = 2147483647;
			files = (
				390E25B419844887006B4402 /* SHCT_TableViewCell_inbox.xib in Resources */,
				390E25B219844782006B4402 /* SHCTableViewCell_inbox.h in Resources */,
				39E1609C197DAEF7007DB923 /* R.png in Resources */,
				3974E46B1976C3BA00F7E457 /* HelveticaNeue.dfont in Resources */,
				391A6CE81964E999006DDFB4 /* down-arrow.png in Resources */,
				39E160A7197EABA8007DB923 /* Tags Content - Rectangle.png in Resources */,
				3907B2D5193CB7BB00100BD6 /* InfoPlist.strings in Resources */,
				3907B2DD193CB7BB00100BD6 /* Images.xcassets in Resources */,
				3907B2FB193CB7E100100BD6 /* Storyboard.storyboard in Resources */,
				391A6CEA1964EAB4006DDFB4 /* data.plist in Resources */,
				3986B3B8195F08A90010ABCE /* password_logo.png in Resources */,
				39E1609E197DAF4A007DB923 /* A.png in Resources */,
				39E160A8197EABA8007DB923 /* Tags Title - Rectangle.png in Resources */,
				3986B3B7195F08A90010ABCE /* login_iclon.png in Resources */,
				39E1609A197DAE6C007DB923 /* E.png in Resources */,
				39E160A4197E780C007DB923 /* Rectangle 1.png in Resources */,
			);
			runOnlyForDeploymentPostprocessing = 0;
		};
		3907B2E0193CB7BC00100BD6 /* Resources */ = {
			isa = PBXResourcesBuildPhase;
			buildActionMask = 2147483647;
			files = (
				3907B2EE193CB7BC00100BD6 /* InfoPlist.strings in Resources */,
			);
			runOnlyForDeploymentPostprocessing = 0;
		};
/* End PBXResourcesBuildPhase section */

/* Begin PBXSourcesBuildPhase section */
		3907B2C3193CB7BB00100BD6 /* Sources */ = {
			isa = PBXSourcesBuildPhase;
			buildActionMask = 2147483647;
			files = (
				39ABC58019840FC5004511A2 /* AKTagTextFieldCell.m in Sources */,
				398E64DE194122D300BADF11 /* LoginViewController.m in Sources */,
				3907B301193CCCA100100BD6 /* Article.m in Sources */,
				39224FAD1973D63400E61111 /* ECSlidingSegue.m in Sources */,
				3986B3B3195F02C60010ABCE /* AMWaveViewController.m in Sources */,
				39ABC57D19840FC5004511A2 /* AKTagsInputView.m in Sources */,
				394A9EE8194751FA00205F5C /* InboxViewController.m in Sources */,
				39E16098197C456B007DB923 /* TaggingViewController.m in Sources */,
				39ABC57E19840FC5004511A2 /* AKTagsListView.m in Sources */,
				39305F961958460D00E4CDA2 /* ArticleViewController.m in Sources */,
				3907B2DB193CB7BB00100BD6 /* AppDelegate.m in Sources */,
				39224FAE1973D63400E61111 /* ECSlidingViewController.m in Sources */,
				39164640195C88C4005389E1 /* AFViewShaker.m in Sources */,
				398E64D81941229900BADF11 /* MainViewController.m in Sources */,
				39224FAB1973D63400E61111 /* ECSlidingAnimationController.m in Sources */,
				39ABC57F19840FC5004511A2 /* AKTagsLookup.m in Sources */,
				39ABC58119840FC5004511A2 /* AKTextField.m in Sources */,
				3986B3BE195F3E140010ABCE /* ArchiveViewController.m in Sources */,
				39ABC56B19840ECD004511A2 /* DWTagList.m in Sources */,
				39ABC57C19840FC5004511A2 /* AKTagCell.m in Sources */,
				3986B3B2195F02C60010ABCE /* AMWaveTransition.m in Sources */,
				39224FAA1973D63400E61111 /* ECPercentDrivenInteractiveTransition.m in Sources */,
				3974E4691976C1BB00F7E457 /* RTLabel.m in Sources */,
				398E64C91940D88800BADF11 /* Database.m in Sources */,
				3995F5BB1950BD6A004C6A1A /* SHCTableViewCell_inbox.m in Sources */,
				39224FAF1973D63400E61111 /* UIViewController+ECSlidingViewController.m in Sources */,
				3974E46E1976E39C00F7E457 /* WebViewController.m in Sources */,
				3907B2D7193CB7BB00100BD6 /* main.m in Sources */,
				3944250719667D8000497336 /* AccordionTableViewController.m in Sources */,
				39224FAC1973D63400E61111 /* ECSlidingInteractiveTransition.m in Sources */,
				39ABC58219840FC5004511A2 /* NSString+StringSizeWithFont.m in Sources */,
				3907B2FE193CB80E00100BD6 /* User.m in Sources */,
				398E64DB194122AE00BADF11 /* RegisterViewController.m in Sources */,
				3916463B195C7C2E005389E1 /* JCRBlurView.m in Sources */,
			);
			runOnlyForDeploymentPostprocessing = 0;
		};
		3907B2DE193CB7BC00100BD6 /* Sources */ = {
			isa = PBXSourcesBuildPhase;
			buildActionMask = 2147483647;
			files = (
				39A1BB20195F43AB007AAEC8 /* ArchiveViewController.m in Sources */,
				3907B2F0193CB7BC00100BD6 /* ReadLaterTests.m in Sources */,
			);
			runOnlyForDeploymentPostprocessing = 0;
		};
/* End PBXSourcesBuildPhase section */

/* Begin PBXTargetDependency section */
		3907B2E8193CB7BC00100BD6 /* PBXTargetDependency */ = {
			isa = PBXTargetDependency;
			target = 3907B2C6193CB7BB00100BD6 /* ReadLater */;
			targetProxy = 3907B2E7193CB7BC00100BD6 /* PBXContainerItemProxy */;
		};
/* End PBXTargetDependency section */

/* Begin PBXVariantGroup section */
		3907B2D3193CB7BB00100BD6 /* InfoPlist.strings */ = {
			isa = PBXVariantGroup;
			children = (
				3907B2D4193CB7BB00100BD6 /* en */,
			);
			name = InfoPlist.strings;
			sourceTree = "<group>";
		};
		3907B2EC193CB7BC00100BD6 /* InfoPlist.strings */ = {
			isa = PBXVariantGroup;
			children = (
				3907B2ED193CB7BC00100BD6 /* en */,
			);
			name = InfoPlist.strings;
			sourceTree = "<group>";
		};
/* End PBXVariantGroup section */

/* Begin XCBuildConfiguration section */
		3907B2F1193CB7BC00100BD6 /* Debug */ = {
			isa = XCBuildConfiguration;
			buildSettings = {
				ALWAYS_SEARCH_USER_PATHS = NO;
				CLANG_CXX_LANGUAGE_STANDARD = "gnu++0x";
				CLANG_CXX_LIBRARY = "libc++";
				CLANG_ENABLE_MODULES = YES;
				CLANG_ENABLE_OBJC_ARC = YES;
				CLANG_WARN_BOOL_CONVERSION = YES;
				CLANG_WARN_CONSTANT_CONVERSION = YES;
				CLANG_WARN_DIRECT_OBJC_ISA_USAGE = YES_ERROR;
				CLANG_WARN_EMPTY_BODY = YES;
				CLANG_WARN_ENUM_CONVERSION = YES;
				CLANG_WARN_INT_CONVERSION = YES;
				CLANG_WARN_OBJC_ROOT_CLASS = YES_ERROR;
				CLANG_WARN__DUPLICATE_METHOD_MATCH = YES;
				"CODE_SIGN_IDENTITY[sdk=iphoneos*]" = "iPhone Developer";
				COPY_PHASE_STRIP = NO;
				GCC_C_LANGUAGE_STANDARD = gnu99;
				GCC_DYNAMIC_NO_PIC = NO;
				GCC_OPTIMIZATION_LEVEL = 0;
				GCC_PREPROCESSOR_DEFINITIONS = (
					"DEBUG=1",
					"$(inherited)",
				);
				GCC_SYMBOLS_PRIVATE_EXTERN = NO;
				GCC_WARN_64_TO_32_BIT_CONVERSION = YES;
				GCC_WARN_ABOUT_RETURN_TYPE = YES_ERROR;
				GCC_WARN_UNDECLARED_SELECTOR = YES;
				GCC_WARN_UNINITIALIZED_AUTOS = YES_AGGRESSIVE;
				GCC_WARN_UNUSED_FUNCTION = YES;
				GCC_WARN_UNUSED_VARIABLE = YES;
				IPHONEOS_DEPLOYMENT_TARGET = 7.1;
				ONLY_ACTIVE_ARCH = NO;
				SDKROOT = iphoneos;
			};
			name = Debug;
		};
		3907B2F2193CB7BC00100BD6 /* Release */ = {
			isa = XCBuildConfiguration;
			buildSettings = {
				ALWAYS_SEARCH_USER_PATHS = NO;
				CLANG_CXX_LANGUAGE_STANDARD = "gnu++0x";
				CLANG_CXX_LIBRARY = "libc++";
				CLANG_ENABLE_MODULES = YES;
				CLANG_ENABLE_OBJC_ARC = YES;
				CLANG_WARN_BOOL_CONVERSION = YES;
				CLANG_WARN_CONSTANT_CONVERSION = YES;
				CLANG_WARN_DIRECT_OBJC_ISA_USAGE = YES_ERROR;
				CLANG_WARN_EMPTY_BODY = YES;
				CLANG_WARN_ENUM_CONVERSION = YES;
				CLANG_WARN_INT_CONVERSION = YES;
				CLANG_WARN_OBJC_ROOT_CLASS = YES_ERROR;
				CLANG_WARN__DUPLICATE_METHOD_MATCH = YES;
				"CODE_SIGN_IDENTITY[sdk=iphoneos*]" = "iPhone Developer";
				COPY_PHASE_STRIP = YES;
				ENABLE_NS_ASSERTIONS = NO;
				GCC_C_LANGUAGE_STANDARD = gnu99;
				GCC_WARN_64_TO_32_BIT_CONVERSION = YES;
				GCC_WARN_ABOUT_RETURN_TYPE = YES_ERROR;
				GCC_WARN_UNDECLARED_SELECTOR = YES;
				GCC_WARN_UNINITIALIZED_AUTOS = YES_AGGRESSIVE;
				GCC_WARN_UNUSED_FUNCTION = YES;
				GCC_WARN_UNUSED_VARIABLE = YES;
				IPHONEOS_DEPLOYMENT_TARGET = 7.1;
				ONLY_ACTIVE_ARCH = NO;
				SDKROOT = iphoneos;
				VALIDATE_PRODUCT = YES;
			};
			name = Release;
		};
		3907B2F4193CB7BC00100BD6 /* Debug */ = {
			isa = XCBuildConfiguration;
			buildSettings = {
				ASSETCATALOG_COMPILER_APPICON_NAME = AppIcon;
				ASSETCATALOG_COMPILER_LAUNCHIMAGE_NAME = LaunchImage;
				GCC_PRECOMPILE_PREFIX_HEADER = YES;
				GCC_PREFIX_HEADER = "ReadLater/ReadLater-Prefix.pch";
				INFOPLIST_FILE = "ReadLater/ReadLater-Info.plist";
				LIBRARY_SEARCH_PATHS = (
					"$(inherited)",
					"$(PROJECT_DIR)",
				);
				PRODUCT_NAME = "$(TARGET_NAME)";
				WRAPPER_EXTENSION = app;
			};
			name = Debug;
		};
		3907B2F5193CB7BC00100BD6 /* Release */ = {
			isa = XCBuildConfiguration;
			buildSettings = {
				ASSETCATALOG_COMPILER_APPICON_NAME = AppIcon;
				ASSETCATALOG_COMPILER_LAUNCHIMAGE_NAME = LaunchImage;
				GCC_PRECOMPILE_PREFIX_HEADER = YES;
				GCC_PREFIX_HEADER = "ReadLater/ReadLater-Prefix.pch";
				INFOPLIST_FILE = "ReadLater/ReadLater-Info.plist";
				LIBRARY_SEARCH_PATHS = (
					"$(inherited)",
					"$(PROJECT_DIR)",
				);
				PRODUCT_NAME = "$(TARGET_NAME)";
				WRAPPER_EXTENSION = app;
			};
			name = Release;
		};
		3907B2F7193CB7BC00100BD6 /* Debug */ = {
			isa = XCBuildConfiguration;
			buildSettings = {
				BUNDLE_LOADER = "$(BUILT_PRODUCTS_DIR)/ReadLater.app/ReadLater";
				FRAMEWORK_SEARCH_PATHS = (
					"$(SDKROOT)/Developer/Library/Frameworks",
					"$(inherited)",
					"$(DEVELOPER_FRAMEWORKS_DIR)",
				);
				GCC_PRECOMPILE_PREFIX_HEADER = YES;
				GCC_PREFIX_HEADER = "ReadLater/ReadLater-Prefix.pch";
				GCC_PREPROCESSOR_DEFINITIONS = (
					"DEBUG=1",
					"$(inherited)",
				);
				INFOPLIST_FILE = "ReadLaterTests/ReadLaterTests-Info.plist";
				PRODUCT_NAME = "$(TARGET_NAME)";
				TEST_HOST = "$(BUNDLE_LOADER)";
				WRAPPER_EXTENSION = xctest;
			};
			name = Debug;
		};
		3907B2F8193CB7BC00100BD6 /* Release */ = {
			isa = XCBuildConfiguration;
			buildSettings = {
				BUNDLE_LOADER = "$(BUILT_PRODUCTS_DIR)/ReadLater.app/ReadLater";
				FRAMEWORK_SEARCH_PATHS = (
					"$(SDKROOT)/Developer/Library/Frameworks",
					"$(inherited)",
					"$(DEVELOPER_FRAMEWORKS_DIR)",
				);
				GCC_PRECOMPILE_PREFIX_HEADER = YES;
				GCC_PREFIX_HEADER = "ReadLater/ReadLater-Prefix.pch";
				INFOPLIST_FILE = "ReadLaterTests/ReadLaterTests-Info.plist";
				PRODUCT_NAME = "$(TARGET_NAME)";
				TEST_HOST = "$(BUNDLE_LOADER)";
				WRAPPER_EXTENSION = xctest;
			};
			name = Release;
		};
/* End XCBuildConfiguration section */

/* Begin XCConfigurationList section */
		3907B2C2193CB7BB00100BD6 /* Build configuration list for PBXProject "readlater" */ = {
			isa = XCConfigurationList;
			buildConfigurations = (
				3907B2F1193CB7BC00100BD6 /* Debug */,
				3907B2F2193CB7BC00100BD6 /* Release */,
			);
			defaultConfigurationIsVisible = 0;
			defaultConfigurationName = Release;
		};
		3907B2F3193CB7BC00100BD6 /* Build configuration list for PBXNativeTarget "ReadLater" */ = {
			isa = XCConfigurationList;
			buildConfigurations = (
				3907B2F4193CB7BC00100BD6 /* Debug */,
				3907B2F5193CB7BC00100BD6 /* Release */,
			);
			defaultConfigurationIsVisible = 0;
			defaultConfigurationName = Release;
		};
		3907B2F6193CB7BC00100BD6 /* Build configuration list for PBXNativeTarget "ReadLaterTests" */ = {
			isa = XCConfigurationList;
			buildConfigurations = (
				3907B2F7193CB7BC00100BD6 /* Debug */,
				3907B2F8193CB7BC00100BD6 /* Release */,
			);
			defaultConfigurationIsVisible = 0;
			defaultConfigurationName = Release;
		};
/* End XCConfigurationList section */
	};
	rootObject = 3907B2BF193CB7BB00100BD6 /* Project object */;
}
